PODS:
  - ECSlidingViewController (2.0.3)
  - FontAwesomeKit (2.1.8):
    - FontAwesomeKit/Core (= 2.1.8)
    - FontAwesomeKit/FontAwesome (= 2.1.8)
    - FontAwesomeKit/FoundationIcons (= 2.1.8)
    - FontAwesomeKit/IonIcons (= 2.1.8)
    - FontAwesomeKit/Zocial (= 2.1.8)
  - FontAwesomeKit/Core (2.1.8)
  - FontAwesomeKit/FontAwesome (2.1.8):
    - FontAwesomeKit/Core
  - FontAwesomeKit/FoundationIcons (2.1.8):
    - FontAwesomeKit/Core
  - FontAwesomeKit/IonIcons (2.1.8):
    - FontAwesomeKit/Core
  - FontAwesomeKit/Zocial (2.1.8):
    - FontAwesomeKit/Core
  - MCSwipeTableViewCell (2.1.2)

DEPENDENCIES:
  - ECSlidingViewController (~> 2.0.3)
  - FontAwesomeKit (~> 2.1.5)
  - MCSwipeTableViewCell (~> 2.1.0)

SPEC CHECKSUMS:
  ECSlidingViewController: e79fe856bfb1a99a39c995377a1943e50f7647eb
  FontAwesomeKit: a2edea3111dab107b4cc43b85881b404eb063385
  MCSwipeTableViewCell: 8e78ff197ab06ba7bfd5c938a00149de8a33afa9

COCOAPODS: 0.35.0
